// !$*UTF8*$!
{
	archiveVersion = 1;
	classes = {
	};
	objectVersion = 50;
	objects = {

/* Begin PBXBuildFile section */
		D3D10522E1646CD905271400 /* Pods_RxSwiftWithMVVM.framework in Frameworks */ = {isa = PBXBuildFile; fileRef = 7D34B6AE8331B761F2DA77FA /* Pods_RxSwiftWithMVVM.framework */; };
		D84E082A20B01E5700FD4190 /* AppDelegate.swift in Sources */ = {isa = PBXBuildFile; fileRef = D84E082920B01E5700FD4190 /* AppDelegate.swift */; };
		D84E082C20B01E5700FD4190 /* ViewController.swift in Sources */ = {isa = PBXBuildFile; fileRef = D84E082B20B01E5700FD4190 /* ViewController.swift */; };
		D84E082F20B01E5700FD4190 /* Main.storyboard in Resources */ = {isa = PBXBuildFile; fileRef = D84E082D20B01E5700FD4190 /* Main.storyboard */; };
		D84E083120B01E5800FD4190 /* Assets.xcassets in Resources */ = {isa = PBXBuildFile; fileRef = D84E083020B01E5800FD4190 /* Assets.xcassets */; };
		D84E083420B01E5800FD4190 /* LaunchScreen.storyboard in Resources */ = {isa = PBXBuildFile; fileRef = D84E083220B01E5800FD4190 /* LaunchScreen.storyboard */; };
/* End PBXBuildFile section */

/* Begin PBXFileReference section */
		50D87D2339C253B8BE5FB560 /* Pods-RxSwiftWithMVVM.debug.xcconfig */ = {isa = PBXFileReference; includeInIndex = 1; lastKnownFileType = text.xcconfig; name = "Pods-RxSwiftWithMVVM.debug.xcconfig"; path = "Pods/Target Support Files/Pods-RxSwiftWithMVVM/Pods-RxSwiftWithMVVM.debug.xcconfig"; sourceTree = "<group>"; };
		7D34B6AE8331B761F2DA77FA /* Pods_RxSwiftWithMVVM.framework */ = {isa = PBXFileReference; explicitFileType = wrapper.framework; includeInIndex = 0; path = Pods_RxSwiftWithMVVM.framework; sourceTree = BUILT_PRODUCTS_DIR; };
		858B03A6D263BCD73329523F /* Pods-RxSwiftWithMVVM.release.xcconfig */ = {isa = PBXFileReference; includeInIndex = 1; lastKnownFileType = text.xcconfig; name = "Pods-RxSwiftWithMVVM.release.xcconfig"; path = "Pods/Target Support Files/Pods-RxSwiftWithMVVM/Pods-RxSwiftWithMVVM.release.xcconfig"; sourceTree = "<group>"; };
		D84E082620B01E5700FD4190 /* RxSwiftWithMVVM.app */ = {isa = PBXFileReference; explicitFileType = wrapper.application; includeInIndex = 0; path = RxSwiftWithMVVM.app; sourceTree = BUILT_PRODUCTS_DIR; };
		D84E082920B01E5700FD4190 /* AppDelegate.swift */ = {isa = PBXFileReference; lastKnownFileType = sourcecode.swift; path = AppDelegate.swift; sourceTree = "<group>"; };
		D84E082B20B01E5700FD4190 /* ViewController.swift */ = {isa = PBXFileReference; lastKnownFileType = sourcecode.swift; path = ViewController.swift; sourceTree = "<group>"; };
		D84E082E20B01E5700FD4190 /* Base */ = {isa = PBXFileReference; lastKnownFileType = file.storyboard; name = Base; path = Base.lproj/Main.storyboard; sourceTree = "<group>"; };
		D84E083020B01E5800FD4190 /* Assets.xcassets */ = {isa = PBXFileReference; lastKnownFileType = folder.assetcatalog; path = Assets.xcassets; sourceTree = "<group>"; };
		D84E083320B01E5800FD4190 /* Base */ = {isa = PBXFileReference; lastKnownFileType = file.storyboard; name = Base; path = Base.lproj/LaunchScreen.storyboard; sourceTree = "<group>"; };
		D84E083520B01E5800FD4190 /* Info.plist */ = {isa = PBXFileReference; lastKnownFileType = text.plist.xml; path = Info.plist; sourceTree = "<group>"; };
/* End PBXFileReference section */

/* Begin PBXFrameworksBuildPhase section */
		D84E082320B01E5700FD4190 /* Frameworks */ = {
			isa = PBXFrameworksBuildPhase;
			buildActionMask = 2147483647;
			files = (
				D3D10522E1646CD905271400 /* Pods_RxSwiftWithMVVM.framework in Frameworks */,
			);
			runOnlyForDeploymentPostprocessing = 0;
		};
/* End PBXFrameworksBuildPhase section */

/* Begin PBXGroup section */
		0A7616C377E801CCFA54A522 /* Pods */ = {
			isa = PBXGroup;
			children = (
				50D87D2339C253B8BE5FB560 /* Pods-RxSwiftWithMVVM.debug.xcconfig */,
				858B03A6D263BCD73329523F /* Pods-RxSwiftWithMVVM.release.xcconfig */,
			);
			name = Pods;
			sourceTree = "<group>";
		};
		3FEB0D22BCA98D8A0159678B /* Frameworks */ = {
			isa = PBXGroup;
			children = (
				7D34B6AE8331B761F2DA77FA /* Pods_RxSwiftWithMVVM.framework */,
			);
			name = Frameworks;
			sourceTree = "<group>";
		};
		D84E081D20B01E5700FD4190 = {
			isa = PBXGroup;
			children = (
				D84E082820B01E5700FD4190 /* RxSwiftWithMVVM */,
				D84E082720B01E5700FD4190 /* Products */,
				0A7616C377E801CCFA54A522 /* Pods */,
				3FEB0D22BCA98D8A0159678B /* Frameworks */,
			);
			sourceTree = "<group>";
		};
		D84E082720B01E5700FD4190 /* Products */ = {
			isa = PBXGroup;
			children = (
				D84E082620B01E5700FD4190 /* RxSwiftWithMVVM.app */,
			);
			name = Products;
			sourceTree = "<group>";
		};
		D84E082820B01E5700FD4190 /* RxSwiftWithMVVM */ = {
			isa = PBXGroup;
			children = (
				D84E082920B01E5700FD4190 /* AppDelegate.swift */,
				D84E082B20B01E5700FD4190 /* ViewController.swift */,
				D84E082D20B01E5700FD4190 /* Main.storyboard */,
				D84E083020B01E5800FD4190 /* Assets.xcassets */,
				D84E083220B01E5800FD4190 /* LaunchScreen.storyboard */,
				D84E083520B01E5800FD4190 /* Info.plist */,
			);
			path = RxSwiftWithMVVM;
			sourceTree = "<group>";
		};
/* End PBXGroup section */

/* Begin PBXNativeTarget section */
		D84E082520B01E5700FD4190 /* RxSwiftWithMVVM */ = {
			isa = PBXNativeTarget;
			buildConfigurationList = D84E083820B01E5800FD4190 /* Build configuration list for PBXNativeTarget "RxSwiftWithMVVM" */;
			buildPhases = (
				07C1D14C8003630E5A0B6263 /* [CP] Check Pods Manifest.lock */,
				D84E082220B01E5700FD4190 /* Sources */,
				D84E082320B01E5700FD4190 /* Frameworks */,
				D84E082420B01E5700FD4190 /* Resources */,
				47E072FA63611375296027E2 /* [CP] Embed Pods Frameworks */,
			);
			buildRules = (
			);
			dependencies = (
			);
			name = RxSwiftWithMVVM;
			productName = RxSwiftWithMVVM;
			productReference = D84E082620B01E5700FD4190 /* RxSwiftWithMVVM.app */;
			productType = "com.apple.product-type.application";
		};
/* End PBXNativeTarget section */

/* Begin PBXProject section */
		D84E081E20B01E5700FD4190 /* Project object */ = {
			isa = PBXProject;
			attributes = {
				LastSwiftUpdateCheck = 0930;
				LastUpgradeCheck = 0930;
				ORGANIZATIONNAME = winseyli.nz;
				TargetAttributes = {
					D84E082520B01E5700FD4190 = {
						CreatedOnToolsVersion = 9.3;
					};
				};
			};
			buildConfigurationList = D84E082120B01E5700FD4190 /* Build configuration list for PBXProject "RxSwiftWithMVVM" */;
			compatibilityVersion = "Xcode 9.3";
			developmentRegion = en;
			hasScannedForEncodings = 0;
			knownRegions = (
				en,
				Base,
			);
			mainGroup = D84E081D20B01E5700FD4190;
			productRefGroup = D84E082720B01E5700FD4190 /* Products */;
			projectDirPath = "";
			projectRoot = "";
			targets = (
				D84E082520B01E5700FD4190 /* RxSwiftWithMVVM */,
			);
		};
/* End PBXProject section */

/* Begin PBXResourcesBuildPhase section */
		D84E082420B01E5700FD4190 /* Resources */ = {
			isa = PBXResourcesBuildPhase;
			buildActionMask = 2147483647;
			files = (
				D84E083420B01E5800FD4190 /* LaunchScreen.storyboard in Resources */,
				D84E083120B01E5800FD4190 /* Assets.xcassets in Resources */,
				D84E082F20B01E5700FD4190 /* Main.storyboard in Resources */,
			);
			runOnlyForDeploymentPostprocessing = 0;
		};
/* End PBXResourcesBuildPhase section */

/* Begin PBXShellScriptBuildPhase section */
		07C1D14C8003630E5A0B6263 /* [CP] Check Pods Manifest.lock */ = {
			isa = PBXShellScriptBuildPhase;
			buildActionMask = 2147483647;
			files = (
			);
			inputPaths = (
				"${PODS_PODFILE_DIR_PATH}/Podfile.lock",
				"${PODS_ROOT}/Manifest.lock",
			);
			name = "[CP] Check Pods Manifest.lock";
			outputPaths = (
				"$(DERIVED_FILE_DIR)/Pods-RxSwiftWithMVVM-checkManifestLockResult.txt",
			);
			runOnlyForDeploymentPostprocessing = 0;
			shellPath = /bin/sh;
			shellScript = "diff \"${PODS_PODFILE_DIR_PATH}/Podfile.lock\" \"${PODS_ROOT}/Manifest.lock\" > /dev/null\nif [ $? != 0 ] ; then\n    # print error to STDERR\n    echo \"error: The sandbox is not in sync with the Podfile.lock. Run 'pod install' or update your CocoaPods installation.\" >&2\n    exit 1\nfi\n# This output is used by Xcode 'outputs' to avoid re-running this script phase.\necho \"SUCCESS\" > \"${SCRIPT_OUTPUT_FILE_0}\"\n";
			showEnvVarsInLog = 0;
		};
		47E072FA63611375296027E2 /* [CP] Embed Pods Frameworks */ = {
			isa = PBXShellScriptBuildPhase;
			buildActionMask = 2147483647;
			files = (
			);
			inputPaths = (
				"${SRCROOT}/Pods/Target Support Files/Pods-RxSwiftWithMVVM/Pods-RxSwiftWithMVVM-frameworks.sh",
				"${BUILT_PRODUCTS_DIR}/RxCocoa/RxCocoa.framework",
				"${BUILT_PRODUCTS_DIR}/RxSwift/RxSwift.framework",
			);
			name = "[CP] Embed Pods Frameworks";
			outputPaths = (
				"${TARGET_BUILD_DIR}/${FRAMEWORKS_FOLDER_PATH}/RxCocoa.framework",
				"${TARGET_BUILD_DIR}/${FRAMEWORKS_FOLDER_PATH}/RxSwift.framework",
			);
			runOnlyForDeploymentPostprocessing = 0;
			shellPath = /bin/sh;
			shellScript = "\"${SRCROOT}/Pods/Target Support Files/Pods-RxSwiftWithMVVM/Pods-RxSwiftWithMVVM-frameworks.sh\"\n";
			showEnvVarsInLog = 0;
		};
/* End PBXShellScriptBuildPhase section */

/* Begin PBXSourcesBuildPhase section */
		D84E082220B01E5700FD4190 /* Sources */ = {
			isa = PBXSourcesBuildPhase;
			buildActionMask = 2147483647;
			files = (
				D84E082C20B01E5700FD4190 /* ViewController.swift in Sources */,
				D84E082A20B01E5700FD4190 /* AppDelegate.swift in Sources */,
			);
			runOnlyForDeploymentPostprocessing = 0;
		};
/* End PBXSourcesBuildPhase section */

/* Begin PBXVariantGroup section */
		D84E082D20B01E5700FD4190 /* Main.storyboard */ = {
			isa = PBXVariantGroup;
			children = (
				D84E082E20B01E5700FD4190 /* Base */,
			);
			name = Main.storyboard;
			sourceTree = "<group>";
		};
		D84E083220B01E5800FD4190 /* LaunchScreen.storyboard */ = {
			isa = PBXVariantGroup;
			children = (
				D84E083320B01E5800FD4190 /* Base */,
			);
			name = LaunchScreen.storyboard;
			sourceTree = "<group>";
		};
/* End PBXVariantGroup section */

/* Begin XCBuildConfiguration section */
		D84E083620B01E5800FD4190 /* Debug */ = {
			isa = XCBuildConfiguration;
			buildSettings = {
				ALWAYS_SEARCH_USER_PATHS = NO;
				CLANG_ANALYZER_NONNULL = YES;
				CLANG_ANALYZER_NUMBER_OBJECT_CONVERSION = YES_AGGRESSIVE;
				CLANG_CXX_LANGUAGE_STANDARD = "gnu++14";
				CLANG_CXX_LIBRARY = "libc++";
				CLANG_ENABLE_MODULES = YES;
				CLANG_ENABLE_OBJC_ARC = YES;
				CLANG_ENABLE_OBJC_WEAK = YES;
				CLANG_WARN_BLOCK_CAPTURE_AUTORELEASING = YES;
				CLANG_WARN_BOOL_CONVERSION = YES;
				CLANG_WARN_COMMA = YES;
				CLANG_WARN_CONSTANT_CONVERSION = YES;
				CLANG_WARN_DEPRECATED_OBJC_IMPLEMENTATIONS = YES;
				CLANG_WARN_DIRECT_OBJC_ISA_USAGE = YES_ERROR;
				CLANG_WARN_DOCUMENTATION_COMMENTS = YES;
				CLANG_WARN_EMPTY_BODY = YES;
				CLANG_WARN_ENUM_CONVERSION = YES;
				CLANG_WARN_INFINITE_RECURSION = YES;
				CLANG_WARN_INT_CONVERSION = YES;
				CLANG_WARN_NON_LITERAL_NULL_CONVERSION = YES;
				CLANG_WARN_OBJC_IMPLICIT_RETAIN_SELF = YES;
				CLANG_WARN_OBJC_LITERAL_CONVERSION = YES;
				CLANG_WARN_OBJC_ROOT_CLASS = YES_ERROR;
				CLANG_WARN_RANGE_LOOP_ANALYSIS = YES;
				CLANG_WARN_STRICT_PROTOTYPES = YES;
				CLANG_WARN_SUSPICIOUS_MOVE = YES;
				CLANG_WARN_UNGUARDED_AVAILABILITY = YES_AGGRESSIVE;
				CLANG_WARN_UNREACHABLE_CODE = YES;
				CLANG_WARN__DUPLICATE_METHOD_MATCH = YES;
				CODE_SIGN_IDENTITY = "iPhone Developer";
				COPY_PHASE_STRIP = NO;
				DEBUG_INFORMATION_FORMAT = dwarf;
				ENABLE_STRICT_OBJC_MSGSEND = YES;
				ENABLE_TESTABILITY = YES;
				GCC_C_LANGUAGE_STANDARD = gnu11;
				GCC_DYNAMIC_NO_PIC = NO;
				GCC_NO_COMMON_BLOCKS = YES;
				GCC_OPTIMIZATION_LEVEL = 0;
				GCC_PREPROCESSOR_DEFINITIONS = (
					"DEBUG=1",
					"$(inherited)",
				);
				GCC_WARN_64_TO_32_BIT_CONVERSION = YES;
				GCC_WARN_ABOUT_RETURN_TYPE = YES_ERROR;
				GCC_WARN_UNDECLARED_SELECTOR = YES;
				GCC_WARN_UNINITIALIZED_AUTOS = YES_AGGRESSIVE;
				GCC_WARN_UNUSED_FUNCTION = YES;
				GCC_WARN_UNUSED_VARIABLE = YES;
				IPHONEOS_DEPLOYMENT_TARGET = 11.3;
				MTL_ENABLE_DEBUG_INFO = YES;
				ONLY_ACTIVE_ARCH = YES;
				SDKROOT = iphoneos;
				SWIFT_ACTIVE_COMPILATION_CONDITIONS = DEBUG;
				SWIFT_OPTIMIZATION_LEVEL = "-Onone";
			};
			name = Debug;
		};
		D84E083720B01E5800FD4190 /* Release */ = {
			isa = XCBuildConfiguration;
			buildSettings = {
				ALWAYS_SEARCH_USER_PATHS = NO;
				CLANG_ANALYZER_NONNULL = YES;
				CLANG_ANALYZER_NUMBER_OBJECT_CONVERSION = YES_AGGRESSIVE;
				CLANG_CXX_LANGUAGE_STANDARD = "gnu++14";
				CLANG_CXX_LIBRARY = "libc++";
				CLANG_ENABLE_MODULES = YES;
				CLANG_ENABLE_OBJC_ARC = YES;
				CLANG_ENABLE_OBJC_WEAK = YES;
				CLANG_WARN_BLOCK_CAPTURE_AUTORELEASING = YES;
				CLANG_WARN_BOOL_CONVERSION = YES;
				CLANG_WARN_COMMA = YES;
				CLANG_WARN_CONSTANT_CONVERSION = YES;
				CLANG_WARN_DEPRECATED_OBJC_IMPLEMENTATIONS = YES;
				CLANG_WARN_DIRECT_OBJC_ISA_USAGE = YES_ERROR;
				CLANG_WARN_DOCUMENTATION_COMMENTS = YES;
				CLANG_WARN_EMPTY_BODY = YES;
				CLANG_WARN_ENUM_CONVERSION = YES;
				CLANG_WARN_INFINITE_RECURSION = YES;
				CLANG_WARN_INT_CONVERSION = YES;
				CLANG_WARN_NON_LITERAL_NULL_CONVERSION = YES;
				CLANG_WARN_OBJC_IMPLICIT_RETAIN_SELF = YES;
				CLANG_WARN_OBJC_LITERAL_CONVERSION = YES;
				CLANG_WARN_OBJC_ROOT_CLASS = YES_ERROR;
				CLANG_WARN_RANGE_LOOP_ANALYSIS = YES;
				CLANG_WARN_STRICT_PROTOTYPES = YES;
				CLANG_WARN_SUSPICIOUS_MOVE = YES;
				CLANG_WARN_UNGUARDED_AVAILABILITY = YES_AGGRESSIVE;
				CLANG_WARN_UNREACHABLE_CODE = YES;
				CLANG_WARN__DUPLICATE_METHOD_MATCH = YES;
				CODE_SIGN_IDENTITY = "iPhone Developer";
				COPY_PHASE_STRIP = NO;
				DEBUG_INFORMATION_FORMAT = "dwarf-with-dsym";
				ENABLE_NS_ASSERTIONS = NO;
				ENABLE_STRICT_OBJC_MSGSEND = YES;
				GCC_C_LANGUAGE_STANDARD = gnu11;
				GCC_NO_COMMON_BLOCKS = YES;
				GCC_WARN_64_TO_32_BIT_CONVERSION = YES;
				GCC_WARN_ABOUT_RETURN_TYPE = YES_ERROR;
				GCC_WARN_UNDECLARED_SELECTOR = YES;
				GCC_WARN_UNINITIALIZED_AUTOS = YES_AGGRESSIVE;
				GCC_WARN_UNUSED_FUNCTION = YES;
				GCC_WARN_UNUSED_VARIABLE = YES;
				IPHONEOS_DEPLOYMENT_TARGET = 11.3;
				MTL_ENABLE_DEBUG_INFO = NO;
				SDKROOT = iphoneos;
				SWIFT_COMPILATION_MODE = wholemodule;
				SWIFT_OPTIMIZATION_LEVEL = "-O";
				VALIDATE_PRODUCT = YES;
			};
			name = Release;
		};
		D84E083920B01E5800FD4190 /* Debug */ = {
			isa = XCBuildConfiguration;
			baseConfigurationReference = 50D87D2339C253B8BE5FB560 /* Pods-RxSwiftWithMVVM.debug.xcconfig */;
			buildSettings = {
				ASSETCATALOG_COMPILER_APPICON_NAME = AppIcon;
				CODE_SIGN_STYLE = Automatic;
				DEVELOPMENT_TEAM = UCRKZW27TS;
				INFOPLIST_FILE = RxSwiftWithMVVM/Info.plist;
				LD_RUNPATH_SEARCH_PATHS = (
					"$(inherited)",
					"@executable_path/Frameworks",
				);
				PRODUCT_BUNDLE_IDENTIFIER = nz.winseyli.RxSwiftWithMVVM;
				PRODUCT_NAME = "$(TARGET_NAME)";
				SWIFT_VERSION = 4.0;
				TARGETED_DEVICE_FAMILY = "1,2";
			};
			name = Debug;
		};
		D84E083A20B01E5800FD4190 /* Release */ = {
			isa = XCBuildConfiguration;
			baseConfigurationReference = 858B03A6D263BCD73329523F /* Pods-RxSwiftWithMVVM.release.xcconfig */;
			buildSettings = {
				ASSETCATALOG_COMPILER_APPICON_NAME = AppIcon;
				CODE_SIGN_STYLE = Automatic;
				DEVELOPMENT_TEAM = UCRKZW27TS;
				INFOPLIST_FILE = RxSwiftWithMVVM/Info.plist;
				LD_RUNPATH_SEARCH_PATHS = (
					"$(inherited)",
					"@executable_path/Frameworks",
				);
				PRODUCT_BUNDLE_IDENTIFIER = nz.winseyli.RxSwiftWithMVVM;
				PRODUCT_NAME = "$(TARGET_NAME)";
				SWIFT_VERSION = 4.0;
				TARGETED_DEVICE_FAMILY = "1,2";
			};
			name = Release;
		};
/* End XCBuildConfiguration section */

/* Begin XCConfigurationList section */
		D84E082120B01E5700FD4190 /* Build configuration list for PBXProject "RxSwiftWithMVVM" */ = {
			isa = XCConfigurationList;
			buildConfigurations = (
				D84E083620B01E5800FD4190 /* Debug */,
				D84E083720B01E5800FD4190 /* Release */,
			);
			defaultConfigurationIsVisible = 0;
			defaultConfigurationName = Release;
		};
		D84E083820B01E5800FD4190 /* Build configuration list for PBXNativeTarget "RxSwiftWithMVVM" */ = {
			isa = XCConfigurationList;
			buildConfigurations = (
				D84E083920B01E5800FD4190 /* Debug */,
				D84E083A20B01E5800FD4190 /* Release */,
			);
			defaultConfigurationIsVisible = 0;
			defaultConfigurationName = Release;
		};
/* End XCConfigurationList section */
	};
	rootObject = D84E081E20B01E5700FD4190 /* Project object */;
}
